
Microsoft Visual Studio Solution File, Format Version 12.00
# Visual Studio Version 16
VisualStudioVersion = 16.0.29519.87
MinimumVisualStudioVersion = 10.0.40219.1
Project("{FAE04EC0-301F-11D3-BF4B-00C04F79EFBC}") = "Todo", "Todo.csproj", "{624E5EE8-B301-4101-A575-20CBF12F23FD}"
EndProject
Global
	GlobalSection(SolutionConfigurationPlatforms) = preSolution
		Debug|Any CPU = Debug|Any CPU
		Release|Any CPU = Release|Any CPU
	EndGlobalSection
	GlobalSection(ProjectConfigurationPlatforms) = postSolution
		{624E5EE8-B301-4101-A575-20CBF12F23FD}.Debug|Any CPU.ActiveCfg = Debug|Any CPU
		{624E5EE8-B301-4101-A575-20CBF12F23FD}.Debug|Any CPU.Build.0 = Debug|Any CPU
		{624E5EE8-B301-4101-A575-20CBF12F23FD}.Release|Any CPU.ActiveCfg = Release|Any CPU
		{624E5EE8-B301-4101-A575-20CBF12F23FD}.Release|Any CPU.Build.0 = Release|Any CPU
	EndGlobalSection
	GlobalSection(SolutionProperties) = preSolution
		HideSolutionNode = FALSE
	EndGlobalSection
	GlobalSection(ExtensibilityGlobals) = postSolution
		SolutionGuid = {7A87AE18-C064-4DB8-B244-B0F1B83FAFE5}
	EndGlobalSection
EndGlobal
